
Microsoft Visual Studio Solution File, Format Version 9.00
# Visual Studio 2005
Project("{8BC9CEB8-8B4A-11D0-8D11-00A0C91BC942}") = "BaseSystem", "SRC\System\System.vcproj", "{9C7907B4-A771-4A53-A585-14CF33AC312A}"
	ProjectSection(WebsiteProperties) = preProject
		Debug.AspNetCompiler.Debug = "True"
		Release.AspNetCompiler.Debug = "False"
	EndProjectSection
EndProject
Project("{8BC9CEB8-8B4A-11D0-8D11-00A0C91BC942}") = "Geodatabase", "SRC\Geodatabase\Geodatabase.vcproj", "{2B97F3A8-215F-4FDA-9696-E9689C3ECB52}"
	ProjectSection(WebsiteProperties) = preProject
		Debug.AspNetCompiler.Debug = "True"
		Release.AspNetCompiler.Debug = "False"
	EndProjectSection
EndProject
Project("{8BC9CEB8-8B4A-11D0-8D11-00A0C91BC942}") = "DataSourceRaster", "SRC\DataSourceRaster\DataSourceRaster.vcproj", "{CF044810-4C3C-4B0D-ACE4-4030378618E5}"
	ProjectSection(WebsiteProperties) = preProject
		Debug.AspNetCompiler.Debug = "True"
		Release.AspNetCompiler.Debug = "False"
	EndProjectSection
EndProject
Project("{8BC9CEB8-8B4A-11D0-8D11-00A0C91BC942}") = "Display", "SRC\Display\Display.vcproj", "{4E887CC7-7E5B-4780-8F3A-725763B1314A}"
	ProjectSection(WebsiteProperties) = preProject
		Debug.AspNetCompiler.Debug = "True"
		Release.AspNetCompiler.Debug = "False"
	EndProjectSection
EndProject
Project("{8BC9CEB8-8B4A-11D0-8D11-00A0C91BC942}") = "Carto", "SRC\Carto\Carto.vcproj", "{13A9B48E-4AF7-461D-B458-E57288427A87}"
	ProjectSection(WebsiteProperties) = preProject
		Debug.AspNetCompiler.Debug = "True"
		Release.AspNetCompiler.Debug = "False"
	EndProjectSection
EndProject
Project("{8BC9CEB8-8B4A-11D0-8D11-00A0C91BC942}") = "DataSourcesFile", "SRC\DataSourcesFile\DataSourcesFile.vcproj", "{8C9174EB-D8B8-4FF7-851B-1051735FC9C2}"
	ProjectSection(WebsiteProperties) = preProject
		Debug.AspNetCompiler.Debug = "True"
		Release.AspNetCompiler.Debug = "False"
	EndProjectSection
EndProject
Project("{8BC9CEB8-8B4A-11D0-8D11-00A0C91BC942}") = "Framework", "SRC\Framework\Framework.vcproj", "{06CD47BF-36FB-4B88-A857-7C6F2A27E697}"
	ProjectSection(WebsiteProperties) = preProject
		Debug.AspNetCompiler.Debug = "True"
		Release.AspNetCompiler.Debug = "False"
	EndProjectSection
EndProject
Project("{8BC9CEB8-8B4A-11D0-8D11-00A0C91BC942}") = "Control", "SRC\Control\Control.vcproj", "{0470E133-1947-405C-8BC3-D97B93049F49}"
	ProjectSection(WebsiteProperties) = preProject
		Debug.AspNetCompiler.Debug = "True"
		Release.AspNetCompiler.Debug = "False"
	EndProjectSection
EndProject
Project("{8BC9CEB8-8B4A-11D0-8D11-00A0C91BC942}") = "Editor", "SRC\Editor\Editor.vcproj", "{1D59BE5D-41DA-4C24-846C-13B8889F9710}"
	ProjectSection(WebsiteProperties) = preProject
		Debug.AspNetCompiler.Debug = "True"
		Release.AspNetCompiler.Debug = "False"
	EndProjectSection
EndProject
Project("{8BC9CEB8-8B4A-11D0-8D11-00A0C91BC942}") = "ImageProcess", "SRC\ImageProcess\ImageProcess.vcproj", "{FEB13D5A-F1B7-4A98-A0DA-99F598D23C3A}"
	ProjectSection(WebsiteProperties) = preProject
		Debug.AspNetCompiler.Debug = "True"
		Release.AspNetCompiler.Debug = "False"
	EndProjectSection
EndProject
Project("{8BC9CEB8-8B4A-11D0-8D11-00A0C91BC942}") = "workflowWizard", "SRC\workflowWizard\workflowWizard.vcproj", "{5099350E-CCF5-4E3D-A287-9B8E6429AB19}"
	ProjectSection(WebsiteProperties) = preProject
		Debug.AspNetCompiler.Debug = "True"
		Release.AspNetCompiler.Debug = "False"
	EndProjectSection
EndProject
Project("{8BC9CEB8-8B4A-11D0-8D11-00A0C91BC942}") = "BCGStyle", "SRC\BCGStyle\BCGStyle.vcproj", "{99FFD532-1032-4FEC-9F50-44DE6CA8B892}"
	ProjectSection(WebsiteProperties) = preProject
		Debug.AspNetCompiler.Debug = "True"
		Release.AspNetCompiler.Debug = "False"
	EndProjectSection
EndProject
Project("{2150E333-8FDC-42A3-9474-1A3956D46DE8}") = "UniSpatialCore", "UniSpatialCore", "{31152ACA-5040-4A6A-AC60-BE909B25AA03}"
	ProjectSection(WebsiteProperties) = preProject
		Debug.AspNetCompiler.Debug = "True"
		Release.AspNetCompiler.Debug = "False"
	EndProjectSection
EndProject
Project("{8BC9CEB8-8B4A-11D0-8D11-00A0C91BC942}") = "usBase", "SRC\usBase\usBase.vcproj", "{258AB12B-2570-4EA8-859C-13CD573BD2B9}"
	ProjectSection(WebsiteProperties) = preProject
		Debug.AspNetCompiler.Debug = "True"
		Release.AspNetCompiler.Debug = "False"
	EndProjectSection
EndProject
Project("{8BC9CEB8-8B4A-11D0-8D11-00A0C91BC942}") = "usGeometry", "SRC\usGeometry\usGeometry.vcproj", "{913C4903-1701-448E-B437-115F7D04967C}"
	ProjectSection(WebsiteProperties) = preProject
		Debug.AspNetCompiler.Debug = "True"
		Release.AspNetCompiler.Debug = "False"
	EndProjectSection
EndProject
Project("{8BC9CEB8-8B4A-11D0-8D11-00A0C91BC942}") = "usDataEngine", "SRC\usDataEngine\usDataEngine.vcproj", "{FFBD98EF-7884-4DB5-8F9F-A69FC18BB60B}"
	ProjectSection(WebsiteProperties) = preProject
		Debug.AspNetCompiler.Debug = "True"
		Release.AspNetCompiler.Debug = "False"
	EndProjectSection
EndProject
Project("{8BC9CEB8-8B4A-11D0-8D11-00A0C91BC942}") = "usStyles", "SRC\usStyles\usStyles.vcproj", "{9F59E56F-01B4-4730-9F3C-0902AAB1D51D}"
	ProjectSection(WebsiteProperties) = preProject
		Debug.AspNetCompiler.Debug = "True"
		Release.AspNetCompiler.Debug = "False"
	EndProjectSection
EndProject
Project("{8BC9CEB8-8B4A-11D0-8D11-00A0C91BC942}") = "usMap", "SRC\usMap\usMap.vcproj", "{9DD0EEA7-F3A1-4594-AC86-E4729AA7CA1E}"
	ProjectSection(WebsiteProperties) = preProject
		Debug.AspNetCompiler.Debug = "True"
		Release.AspNetCompiler.Debug = "False"
	EndProjectSection
EndProject
Project("{8BC9CEB8-8B4A-11D0-8D11-00A0C91BC942}") = "usLayout", "SRC\usLayout\usLayout.vcproj", "{F2C8D9EE-BA69-4096-9268-B7128EAFF4B6}"
	ProjectSection(WebsiteProperties) = preProject
		Debug.AspNetCompiler.Debug = "True"
		Release.AspNetCompiler.Debug = "False"
	EndProjectSection
EndProject
Project("{8BC9CEB8-8B4A-11D0-8D11-00A0C91BC942}") = "usMapControl", "SRC\usMapControl\usMapControl.vcproj", "{795509AF-EC8C-4657-AC95-CB7128D2333E}"
	ProjectSection(WebsiteProperties) = preProject
		Debug.AspNetCompiler.Debug = "True"
		Release.AspNetCompiler.Debug = "False"
	EndProjectSection
EndProject
Project("{8BC9CEB8-8B4A-11D0-8D11-00A0C91BC942}") = "usLayoutControl", "SRC\usLayoutControl\usLayoutControl.vcproj", "{B4D752B7-E91B-4390-9092-E92A70EE1997}"
	ProjectSection(WebsiteProperties) = preProject
		Debug.AspNetCompiler.Debug = "True"
		Release.AspNetCompiler.Debug = "False"
	EndProjectSection
EndProject
Project("{2150E333-8FDC-42A3-9474-1A3956D46DE8}") = "组件示例", "组件示例", "{CA7696DC-E99F-4731-8B2D-C037E4871240}"
	ProjectSection(WebsiteProperties) = preProject
		Debug.AspNetCompiler.Debug = "True"
		Release.AspNetCompiler.Debug = "False"
	EndProjectSection
EndProject
Project("{FAE04EC0-301F-11D3-BF4B-00C04F79EFBC}") = "TestEngine", "SRC\TestEngine\TestEngine.csproj", "{AF5F87AC-40DE-48EB-B2AA-E1F9D9A6E95A}"
	ProjectSection(WebsiteProperties) = preProject
		Debug.AspNetCompiler.Debug = "True"
		Release.AspNetCompiler.Debug = "False"
	EndProjectSection
EndProject
Project("{8BC9CEB8-8B4A-11D0-8D11-00A0C91BC942}") = "UAVSoft", "SRC\UAVSoft\UAVSoft.vcproj", "{DD5DCA42-0FD4-41E3-BAB7-D864D58D2FED}"
	ProjectSection(WebsiteProperties) = preProject
		Debug.AspNetCompiler.Debug = "True"
		Release.AspNetCompiler.Debug = "False"
	EndProjectSection
EndProject
Global
	GlobalSection(SolutionConfigurationPlatforms) = preSolution
		Debug|Any CPU = Debug|Any CPU
		Debug|Mixed Platforms = Debug|Mixed Platforms
		Debug|Win32 = Debug|Win32
		Release|Any CPU = Release|Any CPU
		Release|Mixed Platforms = Release|Mixed Platforms
		Release|Win32 = Release|Win32
	EndGlobalSection
	GlobalSection(ProjectConfigurationPlatforms) = postSolution
		{9C7907B4-A771-4A53-A585-14CF33AC312A}.Debug|Any CPU.ActiveCfg = Debug|Win32
		{9C7907B4-A771-4A53-A585-14CF33AC312A}.Debug|Mixed Platforms.ActiveCfg = Debug|Win32
		{9C7907B4-A771-4A53-A585-14CF33AC312A}.Debug|Mixed Platforms.Build.0 = Debug|Win32
		{9C7907B4-A771-4A53-A585-14CF33AC312A}.Debug|Win32.ActiveCfg = Debug|Win32
		{9C7907B4-A771-4A53-A585-14CF33AC312A}.Debug|Win32.Build.0 = Debug|Win32
		{9C7907B4-A771-4A53-A585-14CF33AC312A}.Release|Any CPU.ActiveCfg = Release|Win32
		{9C7907B4-A771-4A53-A585-14CF33AC312A}.Release|Mixed Platforms.ActiveCfg = Release|Win32
		{9C7907B4-A771-4A53-A585-14CF33AC312A}.Release|Mixed Platforms.Build.0 = Release|Win32
		{9C7907B4-A771-4A53-A585-14CF33AC312A}.Release|Win32.ActiveCfg = Release|Win32
		{9C7907B4-A771-4A53-A585-14CF33AC312A}.Release|Win32.Build.0 = Release|Win32
		{2B97F3A8-215F-4FDA-9696-E9689C3ECB52}.Debug|Any CPU.ActiveCfg = Debug|Win32
		{2B97F3A8-215F-4FDA-9696-E9689C3ECB52}.Debug|Mixed Platforms.ActiveCfg = Debug|Win32
		{2B97F3A8-215F-4FDA-9696-E9689C3ECB52}.Debug|Mixed Platforms.Build.0 = Debug|Win32
		{2B97F3A8-215F-4FDA-9696-E9689C3ECB52}.Debug|Win32.ActiveCfg = Debug|Win32
		{2B97F3A8-215F-4FDA-9696-E9689C3ECB52}.Debug|Win32.Build.0 = Debug|Win32
		{2B97F3A8-215F-4FDA-9696-E9689C3ECB52}.Release|Any CPU.ActiveCfg = Release|Win32
		{2B97F3A8-215F-4FDA-9696-E9689C3ECB52}.Release|Mixed Platforms.ActiveCfg = Release|Win32
		{2B97F3A8-215F-4FDA-9696-E9689C3ECB52}.Release|Mixed Platforms.Build.0 = Release|Win32
		{2B97F3A8-215F-4FDA-9696-E9689C3ECB52}.Release|Win32.ActiveCfg = Release|Win32
		{2B97F3A8-215F-4FDA-9696-E9689C3ECB52}.Release|Win32.Build.0 = Release|Win32
		{CF044810-4C3C-4B0D-ACE4-4030378618E5}.Debug|Any CPU.ActiveCfg = Debug|Win32
		{CF044810-4C3C-4B0D-ACE4-4030378618E5}.Debug|Mixed Platforms.ActiveCfg = Debug|Win32
		{CF044810-4C3C-4B0D-ACE4-4030378618E5}.Debug|Mixed Platforms.Build.0 = Debug|Win32
		{CF044810-4C3C-4B0D-ACE4-4030378618E5}.Debug|Win32.ActiveCfg = Debug|Win32
		{CF044810-4C3C-4B0D-ACE4-4030378618E5}.Debug|Win32.Build.0 = Debug|Win32
		{CF044810-4C3C-4B0D-ACE4-4030378618E5}.Release|Any CPU.ActiveCfg = Release|Win32
		{CF044810-4C3C-4B0D-ACE4-4030378618E5}.Release|Mixed Platforms.ActiveCfg = Release|Win32
		{CF044810-4C3C-4B0D-ACE4-4030378618E5}.Release|Mixed Platforms.Build.0 = Release|Win32
		{CF044810-4C3C-4B0D-ACE4-4030378618E5}.Release|Win32.ActiveCfg = Release|Win32
		{CF044810-4C3C-4B0D-ACE4-4030378618E5}.Release|Win32.Build.0 = Release|Win32
		{4E887CC7-7E5B-4780-8F3A-725763B1314A}.Debug|Any CPU.ActiveCfg = Debug|Win32
		{4E887CC7-7E5B-4780-8F3A-725763B1314A}.Debug|Mixed Platforms.ActiveCfg = Debug|Win32
		{4E887CC7-7E5B-4780-8F3A-725763B1314A}.Debug|Mixed Platforms.Build.0 = Debug|Win32
		{4E887CC7-7E5B-4780-8F3A-725763B1314A}.Debug|Win32.ActiveCfg = Debug|Win32
		{4E887CC7-7E5B-4780-8F3A-725763B1314A}.Debug|Win32.Build.0 = Debug|Win32
		{4E887CC7-7E5B-4780-8F3A-725763B1314A}.Release|Any CPU.ActiveCfg = Release|Win32
		{4E887CC7-7E5B-4780-8F3A-725763B1314A}.Release|Mixed Platforms.ActiveCfg = Release|Win32
		{4E887CC7-7E5B-4780-8F3A-725763B1314A}.Release|Mixed Platforms.Build.0 = Release|Win32
		{4E887CC7-7E5B-4780-8F3A-725763B1314A}.Release|Win32.ActiveCfg = Release|Win32
		{4E887CC7-7E5B-4780-8F3A-725763B1314A}.Release|Win32.Build.0 = Release|Win32
		{13A9B48E-4AF7-461D-B458-E57288427A87}.Debug|Any CPU.ActiveCfg = Debug|Win32
		{13A9B48E-4AF7-461D-B458-E57288427A87}.Debug|Mixed Platforms.ActiveCfg = Debug|Win32
		{13A9B48E-4AF7-461D-B458-E57288427A87}.Debug|Mixed Platforms.Build.0 = Debug|Win32
		{13A9B48E-4AF7-461D-B458-E57288427A87}.Debug|Win32.ActiveCfg = Debug|Win32
		{13A9B48E-4AF7-461D-B458-E57288427A87}.Debug|Win32.Build.0 = Debug|Win32
		{13A9B48E-4AF7-461D-B458-E57288427A87}.Release|Any CPU.ActiveCfg = Release|Win32
		{13A9B48E-4AF7-461D-B458-E57288427A87}.Release|Mixed Platforms.ActiveCfg = Release|Win32
		{13A9B48E-4AF7-461D-B458-E57288427A87}.Release|Mixed Platforms.Build.0 = Release|Win32
		{13A9B48E-4AF7-461D-B458-E57288427A87}.Release|Win32.ActiveCfg = Release|Win32
		{13A9B48E-4AF7-461D-B458-E57288427A87}.Release|Win32.Build.0 = Release|Win32
		{8C9174EB-D8B8-4FF7-851B-1051735FC9C2}.Debug|Any CPU.ActiveCfg = Debug|Win32
		{8C9174EB-D8B8-4FF7-851B-1051735FC9C2}.Debug|Mixed Platforms.ActiveCfg = Debug|Win32
		{8C9174EB-D8B8-4FF7-851B-1051735FC9C2}.Debug|Mixed Platforms.Build.0 = Debug|Win32
		{8C9174EB-D8B8-4FF7-851B-1051735FC9C2}.Debug|Win32.ActiveCfg = Debug|Win32
		{8C9174EB-D8B8-4FF7-851B-1051735FC9C2}.Debug|Win32.Build.0 = Debug|Win32
		{8C9174EB-D8B8-4FF7-851B-1051735FC9C2}.Release|Any CPU.ActiveCfg = Release|Win32
		{8C9174EB-D8B8-4FF7-851B-1051735FC9C2}.Release|Mixed Platforms.ActiveCfg = Release|Win32
		{8C9174EB-D8B8-4FF7-851B-1051735FC9C2}.Release|Mixed Platforms.Build.0 = Release|Win32
		{8C9174EB-D8B8-4FF7-851B-1051735FC9C2}.Release|Win32.ActiveCfg = Release|Win32
		{8C9174EB-D8B8-4FF7-851B-1051735FC9C2}.Release|Win32.Build.0 = Release|Win32
		{06CD47BF-36FB-4B88-A857-7C6F2A27E697}.Debug|Any CPU.ActiveCfg = Debug|Win32
		{06CD47BF-36FB-4B88-A857-7C6F2A27E697}.Debug|Mixed Platforms.ActiveCfg = Debug|Win32
		{06CD47BF-36FB-4B88-A857-7C6F2A27E697}.Debug|Mixed Platforms.Build.0 = Debug|Win32
		{06CD47BF-36FB-4B88-A857-7C6F2A27E697}.Debug|Win32.ActiveCfg = Debug|Win32
		{06CD47BF-36FB-4B88-A857-7C6F2A27E697}.Debug|Win32.Build.0 = Debug|Win32
		{06CD47BF-36FB-4B88-A857-7C6F2A27E697}.Release|Any CPU.ActiveCfg = Release|Win32
		{06CD47BF-36FB-4B88-A857-7C6F2A27E697}.Release|Mixed Platforms.ActiveCfg = Release|Win32
		{06CD47BF-36FB-4B88-A857-7C6F2A27E697}.Release|Mixed Platforms.Build.0 = Release|Win32
		{06CD47BF-36FB-4B88-A857-7C6F2A27E697}.Release|Win32.ActiveCfg = Release|Win32
		{06CD47BF-36FB-4B88-A857-7C6F2A27E697}.Release|Win32.Build.0 = Release|Win32
		{0470E133-1947-405C-8BC3-D97B93049F49}.Debug|Any CPU.ActiveCfg = Debug|Win32
		{0470E133-1947-405C-8BC3-D97B93049F49}.Debug|Mixed Platforms.ActiveCfg = Debug|Win32
		{0470E133-1947-405C-8BC3-D97B93049F49}.Debug|Mixed Platforms.Build.0 = Debug|Win32
		{0470E133-1947-405C-8BC3-D97B93049F49}.Debug|Win32.ActiveCfg = Debug|Win32
		{0470E133-1947-405C-8BC3-D97B93049F49}.Debug|Win32.Build.0 = Debug|Win32
		{0470E133-1947-405C-8BC3-D97B93049F49}.Release|Any CPU.ActiveCfg = Release|Win32
		{0470E133-1947-405C-8BC3-D97B93049F49}.Release|Mixed Platforms.ActiveCfg = Release|Win32
		{0470E133-1947-405C-8BC3-D97B93049F49}.Release|Mixed Platforms.Build.0 = Release|Win32
		{0470E133-1947-405C-8BC3-D97B93049F49}.Release|Win32.ActiveCfg = Release|Win32
		{0470E133-1947-405C-8BC3-D97B93049F49}.Release|Win32.Build.0 = Release|Win32
		{1D59BE5D-41DA-4C24-846C-13B8889F9710}.Debug|Any CPU.ActiveCfg = Debug|Win32
		{1D59BE5D-41DA-4C24-846C-13B8889F9710}.Debug|Mixed Platforms.ActiveCfg = Debug|Win32
		{1D59BE5D-41DA-4C24-846C-13B8889F9710}.Debug|Mixed Platforms.Build.0 = Debug|Win32
		{1D59BE5D-41DA-4C24-846C-13B8889F9710}.Debug|Win32.ActiveCfg = Debug|Win32
		{1D59BE5D-41DA-4C24-846C-13B8889F9710}.Debug|Win32.Build.0 = Debug|Win32
		{1D59BE5D-41DA-4C24-846C-13B8889F9710}.Release|Any CPU.ActiveCfg = Release|Win32
		{1D59BE5D-41DA-4C24-846C-13B8889F9710}.Release|Mixed Platforms.ActiveCfg = Release|Win32
		{1D59BE5D-41DA-4C24-846C-13B8889F9710}.Release|Mixed Platforms.Build.0 = Release|Win32
		{1D59BE5D-41DA-4C24-846C-13B8889F9710}.Release|Win32.ActiveCfg = Release|Win32
		{1D59BE5D-41DA-4C24-846C-13B8889F9710}.Release|Win32.Build.0 = Release|Win32
		{FEB13D5A-F1B7-4A98-A0DA-99F598D23C3A}.Debug|Any CPU.ActiveCfg = Debug|Win32
		{FEB13D5A-F1B7-4A98-A0DA-99F598D23C3A}.Debug|Mixed Platforms.ActiveCfg = Debug|Win32
		{FEB13D5A-F1B7-4A98-A0DA-99F598D23C3A}.Debug|Mixed Platforms.Build.0 = Debug|Win32
		{FEB13D5A-F1B7-4A98-A0DA-99F598D23C3A}.Debug|Win32.ActiveCfg = Debug|Win32
		{FEB13D5A-F1B7-4A98-A0DA-99F598D23C3A}.Debug|Win32.Build.0 = Debug|Win32
		{FEB13D5A-F1B7-4A98-A0DA-99F598D23C3A}.Release|Any CPU.ActiveCfg = Release|Win32
		{FEB13D5A-F1B7-4A98-A0DA-99F598D23C3A}.Release|Mixed Platforms.ActiveCfg = Release|Win32
		{FEB13D5A-F1B7-4A98-A0DA-99F598D23C3A}.Release|Mixed Platforms.Build.0 = Release|Win32
		{FEB13D5A-F1B7-4A98-A0DA-99F598D23C3A}.Release|Win32.ActiveCfg = Release|Win32
		{FEB13D5A-F1B7-4A98-A0DA-99F598D23C3A}.Release|Win32.Build.0 = Release|Win32
		{5099350E-CCF5-4E3D-A287-9B8E6429AB19}.Debug|Any CPU.ActiveCfg = Debug|Win32
		{5099350E-CCF5-4E3D-A287-9B8E6429AB19}.Debug|Mixed Platforms.ActiveCfg = Debug|Win32
		{5099350E-CCF5-4E3D-A287-9B8E6429AB19}.Debug|Mixed Platforms.Build.0 = Debug|Win32
		{5099350E-CCF5-4E3D-A287-9B8E6429AB19}.Debug|Win32.ActiveCfg = Debug|Win32
		{5099350E-CCF5-4E3D-A287-9B8E6429AB19}.Debug|Win32.Build.0 = Debug|Win32
		{5099350E-CCF5-4E3D-A287-9B8E6429AB19}.Release|Any CPU.ActiveCfg = Release|Win32
		{5099350E-CCF5-4E3D-A287-9B8E6429AB19}.Release|Mixed Platforms.ActiveCfg = Release|Win32
		{5099350E-CCF5-4E3D-A287-9B8E6429AB19}.Release|Mixed Platforms.Build.0 = Release|Win32
		{5099350E-CCF5-4E3D-A287-9B8E6429AB19}.Release|Win32.ActiveCfg = Release|Win32
		{5099350E-CCF5-4E3D-A287-9B8E6429AB19}.Release|Win32.Build.0 = Release|Win32
		{99FFD532-1032-4FEC-9F50-44DE6CA8B892}.Debug|Any CPU.ActiveCfg = Debug|Win32
		{99FFD532-1032-4FEC-9F50-44DE6CA8B892}.Debug|Mixed Platforms.ActiveCfg = Debug|Win32
		{99FFD532-1032-4FEC-9F50-44DE6CA8B892}.Debug|Mixed Platforms.Build.0 = Debug|Win32
		{99FFD532-1032-4FEC-9F50-44DE6CA8B892}.Debug|Win32.ActiveCfg = Debug|Win32
		{99FFD532-1032-4FEC-9F50-44DE6CA8B892}.Debug|Win32.Build.0 = Debug|Win32
		{99FFD532-1032-4FEC-9F50-44DE6CA8B892}.Release|Any CPU.ActiveCfg = Release|Win32
		{99FFD532-1032-4FEC-9F50-44DE6CA8B892}.Release|Mixed Platforms.ActiveCfg = Release|Win32
		{99FFD532-1032-4FEC-9F50-44DE6CA8B892}.Release|Mixed Platforms.Build.0 = Release|Win32
		{99FFD532-1032-4FEC-9F50-44DE6CA8B892}.Release|Win32.ActiveCfg = Release|Win32
		{99FFD532-1032-4FEC-9F50-44DE6CA8B892}.Release|Win32.Build.0 = Release|Win32
		{258AB12B-2570-4EA8-859C-13CD573BD2B9}.Debug|Any CPU.ActiveCfg = Debug|Win32
		{258AB12B-2570-4EA8-859C-13CD573BD2B9}.Debug|Mixed Platforms.ActiveCfg = Debug|Win32
		{258AB12B-2570-4EA8-859C-13CD573BD2B9}.Debug|Mixed Platforms.Build.0 = Debug|Win32
		{258AB12B-2570-4EA8-859C-13CD573BD2B9}.Debug|Win32.ActiveCfg = Debug|Win32
		{258AB12B-2570-4EA8-859C-13CD573BD2B9}.Debug|Win32.Build.0 = Debug|Win32
		{258AB12B-2570-4EA8-859C-13CD573BD2B9}.Release|Any CPU.ActiveCfg = Release|Win32
		{258AB12B-2570-4EA8-859C-13CD573BD2B9}.Release|Mixed Platforms.ActiveCfg = Release|Win32
		{258AB12B-2570-4EA8-859C-13CD573BD2B9}.Release|Mixed Platforms.Build.0 = Release|Win32
		{258AB12B-2570-4EA8-859C-13CD573BD2B9}.Release|Win32.ActiveCfg = Release|Win32
		{258AB12B-2570-4EA8-859C-13CD573BD2B9}.Release|Win32.Build.0 = Release|Win32
		{913C4903-1701-448E-B437-115F7D04967C}.Debug|Any CPU.ActiveCfg = Debug|Win32
		{913C4903-1701-448E-B437-115F7D04967C}.Debug|Mixed Platforms.ActiveCfg = Debug|Win32
		{913C4903-1701-448E-B437-115F7D04967C}.Debug|Mixed Platforms.Build.0 = Debug|Win32
		{913C4903-1701-448E-B437-115F7D04967C}.Debug|Win32.ActiveCfg = Debug|Win32
		{913C4903-1701-448E-B437-115F7D04967C}.Debug|Win32.Build.0 = Debug|Win32
		{913C4903-1701-448E-B437-115F7D04967C}.Release|Any CPU.ActiveCfg = Release|Win32
		{913C4903-1701-448E-B437-115F7D04967C}.Release|Mixed Platforms.ActiveCfg = Release|Win32
		{913C4903-1701-448E-B437-115F7D04967C}.Release|Mixed Platforms.Build.0 = Release|Win32
		{913C4903-1701-448E-B437-115F7D04967C}.Release|Win32.ActiveCfg = Release|Win32
		{913C4903-1701-448E-B437-115F7D04967C}.Release|Win32.Build.0 = Release|Win32
		{FFBD98EF-7884-4DB5-8F9F-A69FC18BB60B}.Debug|Any CPU.ActiveCfg = Debug|Win32
		{FFBD98EF-7884-4DB5-8F9F-A69FC18BB60B}.Debug|Mixed Platforms.ActiveCfg = Debug|Win32
		{FFBD98EF-7884-4DB5-8F9F-A69FC18BB60B}.Debug|Mixed Platforms.Build.0 = Debug|Win32
		{FFBD98EF-7884-4DB5-8F9F-A69FC18BB60B}.Debug|Win32.ActiveCfg = Debug|Win32
		{FFBD98EF-7884-4DB5-8F9F-A69FC18BB60B}.Debug|Win32.Build.0 = Debug|Win32
		{FFBD98EF-7884-4DB5-8F9F-A69FC18BB60B}.Release|Any CPU.ActiveCfg = Release|Win32
		{FFBD98EF-7884-4DB5-8F9F-A69FC18BB60B}.Release|Mixed Platforms.ActiveCfg = Release|Win32
		{FFBD98EF-7884-4DB5-8F9F-A69FC18BB60B}.Release|Mixed Platforms.Build.0 = Release|Win32
		{FFBD98EF-7884-4DB5-8F9F-A69FC18BB60B}.Release|Win32.ActiveCfg = Release|Win32
		{FFBD98EF-7884-4DB5-8F9F-A69FC18BB60B}.Release|Win32.Build.0 = Release|Win32
		{9F59E56F-01B4-4730-9F3C-0902AAB1D51D}.Debug|Any CPU.ActiveCfg = Debug|Win32
		{9F59E56F-01B4-4730-9F3C-0902AAB1D51D}.Debug|Mixed Platforms.ActiveCfg = Debug|Win32
		{9F59E56F-01B4-4730-9F3C-0902AAB1D51D}.Debug|Mixed Platforms.Build.0 = Debug|Win32
		{9F59E56F-01B4-4730-9F3C-0902AAB1D51D}.Debug|Win32.ActiveCfg = Debug|Win32
		{9F59E56F-01B4-4730-9F3C-0902AAB1D51D}.Debug|Win32.Build.0 = Debug|Win32
		{9F59E56F-01B4-4730-9F3C-0902AAB1D51D}.Release|Any CPU.ActiveCfg = Release|Win32
		{9F59E56F-01B4-4730-9F3C-0902AAB1D51D}.Release|Mixed Platforms.ActiveCfg = Release|Win32
		{9F59E56F-01B4-4730-9F3C-0902AAB1D51D}.Release|Mixed Platforms.Build.0 = Release|Win32
		{9F59E56F-01B4-4730-9F3C-0902AAB1D51D}.Release|Win32.ActiveCfg = Release|Win32
		{9F59E56F-01B4-4730-9F3C-0902AAB1D51D}.Release|Win32.Build.0 = Release|Win32
		{9DD0EEA7-F3A1-4594-AC86-E4729AA7CA1E}.Debug|Any CPU.ActiveCfg = Debug|Win32
		{9DD0EEA7-F3A1-4594-AC86-E4729AA7CA1E}.Debug|Mixed Platforms.ActiveCfg = Debug|Win32
		{9DD0EEA7-F3A1-4594-AC86-E4729AA7CA1E}.Debug|Mixed Platforms.Build.0 = Debug|Win32
		{9DD0EEA7-F3A1-4594-AC86-E4729AA7CA1E}.Debug|Win32.ActiveCfg = Debug|Win32
		{9DD0EEA7-F3A1-4594-AC86-E4729AA7CA1E}.Debug|Win32.Build.0 = Debug|Win32
		{9DD0EEA7-F3A1-4594-AC86-E4729AA7CA1E}.Release|Any CPU.ActiveCfg = Release|Win32
		{9DD0EEA7-F3A1-4594-AC86-E4729AA7CA1E}.Release|Mixed Platforms.ActiveCfg = Release|Win32
		{9DD0EEA7-F3A1-4594-AC86-E4729AA7CA1E}.Release|Mixed Platforms.Build.0 = Release|Win32
		{9DD0EEA7-F3A1-4594-AC86-E4729AA7CA1E}.Release|Win32.ActiveCfg = Release|Win32
		{9DD0EEA7-F3A1-4594-AC86-E4729AA7CA1E}.Release|Win32.Build.0 = Release|Win32
		{F2C8D9EE-BA69-4096-9268-B7128EAFF4B6}.Debug|Any CPU.ActiveCfg = Debug|Win32
		{F2C8D9EE-BA69-4096-9268-B7128EAFF4B6}.Debug|Mixed Platforms.ActiveCfg = Debug|Win32
		{F2C8D9EE-BA69-4096-9268-B7128EAFF4B6}.Debug|Mixed Platforms.Build.0 = Debug|Win32
		{F2C8D9EE-BA69-4096-9268-B7128EAFF4B6}.Debug|Win32.ActiveCfg = Debug|Win32
		{F2C8D9EE-BA69-4096-9268-B7128EAFF4B6}.Debug|Win32.Build.0 = Debug|Win32
		{F2C8D9EE-BA69-4096-9268-B7128EAFF4B6}.Release|Any CPU.ActiveCfg = Release|Win32
		{F2C8D9EE-BA69-4096-9268-B7128EAFF4B6}.Release|Mixed Platforms.ActiveCfg = Release|Win32
		{F2C8D9EE-BA69-4096-9268-B7128EAFF4B6}.Release|Mixed Platforms.Build.0 = Release|Win32
		{F2C8D9EE-BA69-4096-9268-B7128EAFF4B6}.Release|Win32.ActiveCfg = Release|Win32
		{F2C8D9EE-BA69-4096-9268-B7128EAFF4B6}.Release|Win32.Build.0 = Release|Win32
		{795509AF-EC8C-4657-AC95-CB7128D2333E}.Debug|Any CPU.ActiveCfg = Debug|Win32
		{795509AF-EC8C-4657-AC95-CB7128D2333E}.Debug|Mixed Platforms.ActiveCfg = Debug|Win32
		{795509AF-EC8C-4657-AC95-CB7128D2333E}.Debug|Mixed Platforms.Build.0 = Debug|Win32
		{795509AF-EC8C-4657-AC95-CB7128D2333E}.Debug|Win32.ActiveCfg = Debug|Win32
		{795509AF-EC8C-4657-AC95-CB7128D2333E}.Debug|Win32.Build.0 = Debug|Win32
		{795509AF-EC8C-4657-AC95-CB7128D2333E}.Release|Any CPU.ActiveCfg = Release|Win32
		{795509AF-EC8C-4657-AC95-CB7128D2333E}.Release|Mixed Platforms.ActiveCfg = Release|Win32
		{795509AF-EC8C-4657-AC95-CB7128D2333E}.Release|Mixed Platforms.Build.0 = Release|Win32
		{795509AF-EC8C-4657-AC95-CB7128D2333E}.Release|Win32.ActiveCfg = Release|Win32
		{795509AF-EC8C-4657-AC95-CB7128D2333E}.Release|Win32.Build.0 = Release|Win32
		{B4D752B7-E91B-4390-9092-E92A70EE1997}.Debug|Any CPU.ActiveCfg = Debug|Win32
		{B4D752B7-E91B-4390-9092-E92A70EE1997}.Debug|Mixed Platforms.ActiveCfg = Debug|Win32
		{B4D752B7-E91B-4390-9092-E92A70EE1997}.Debug|Mixed Platforms.Build.0 = Debug|Win32
		{B4D752B7-E91B-4390-9092-E92A70EE1997}.Debug|Win32.ActiveCfg = Debug|Win32
		{B4D752B7-E91B-4390-9092-E92A70EE1997}.Debug|Win32.Build.0 = Debug|Win32
		{B4D752B7-E91B-4390-9092-E92A70EE1997}.Release|Any CPU.ActiveCfg = Release|Win32
		{B4D752B7-E91B-4390-9092-E92A70EE1997}.Release|Mixed Platforms.ActiveCfg = Release|Win32
		{B4D752B7-E91B-4390-9092-E92A70EE1997}.Release|Mixed Platforms.Build.0 = Release|Win32
		{B4D752B7-E91B-4390-9092-E92A70EE1997}.Release|Win32.ActiveCfg = Release|Win32
		{B4D752B7-E91B-4390-9092-E92A70EE1997}.Release|Win32.Build.0 = Release|Win32
		{AF5F87AC-40DE-48EB-B2AA-E1F9D9A6E95A}.Debug|Any CPU.ActiveCfg = Debug|Any CPU
		{AF5F87AC-40DE-48EB-B2AA-E1F9D9A6E95A}.Debug|Any CPU.Build.0 = Debug|Any CPU
		{AF5F87AC-40DE-48EB-B2AA-E1F9D9A6E95A}.Debug|Mixed Platforms.ActiveCfg = Debug|Any CPU
		{AF5F87AC-40DE-48EB-B2AA-E1F9D9A6E95A}.Debug|Mixed Platforms.Build.0 = Debug|Any CPU
		{AF5F87AC-40DE-48EB-B2AA-E1F9D9A6E95A}.Debug|Win32.ActiveCfg = Debug|Any CPU
		{AF5F87AC-40DE-48EB-B2AA-E1F9D9A6E95A}.Release|Any CPU.ActiveCfg = Release|Any CPU
		{AF5F87AC-40DE-48EB-B2AA-E1F9D9A6E95A}.Release|Any CPU.Build.0 = Release|Any CPU
		{AF5F87AC-40DE-48EB-B2AA-E1F9D9A6E95A}.Release|Mixed Platforms.ActiveCfg = Release|Any CPU
		{AF5F87AC-40DE-48EB-B2AA-E1F9D9A6E95A}.Release|Mixed Platforms.Build.0 = Release|Any CPU
		{AF5F87AC-40DE-48EB-B2AA-E1F9D9A6E95A}.Release|Win32.ActiveCfg = Release|Any CPU
		{DD5DCA42-0FD4-41E3-BAB7-D864D58D2FED}.Debug|Any CPU.ActiveCfg = Debug|Win32
		{DD5DCA42-0FD4-41E3-BAB7-D864D58D2FED}.Debug|Mixed Platforms.ActiveCfg = Debug|Win32
		{DD5DCA42-0FD4-41E3-BAB7-D864D58D2FED}.Debug|Mixed Platforms.Build.0 = Debug|Win32
		{DD5DCA42-0FD4-41E3-BAB7-D864D58D2FED}.Debug|Win32.ActiveCfg = Debug|Win32
		{DD5DCA42-0FD4-41E3-BAB7-D864D58D2FED}.Debug|Win32.Build.0 = Debug|Win32
		{DD5DCA42-0FD4-41E3-BAB7-D864D58D2FED}.Release|Any CPU.ActiveCfg = Release|Win32
		{DD5DCA42-0FD4-41E3-BAB7-D864D58D2FED}.Release|Mixed Platforms.ActiveCfg = Release|Win32
		{DD5DCA42-0FD4-41E3-BAB7-D864D58D2FED}.Release|Mixed Platforms.Build.0 = Release|Win32
		{DD5DCA42-0FD4-41E3-BAB7-D864D58D2FED}.Release|Win32.ActiveCfg = Release|Win32
		{DD5DCA42-0FD4-41E3-BAB7-D864D58D2FED}.Release|Win32.Build.0 = Release|Win32
	EndGlobalSection
	GlobalSection(SolutionProperties) = preSolution
		HideSolutionNode = FALSE
	EndGlobalSection
	GlobalSection(NestedProjects) = preSolution
		{258AB12B-2570-4EA8-859C-13CD573BD2B9} = {31152ACA-5040-4A6A-AC60-BE909B25AA03}
		{913C4903-1701-448E-B437-115F7D04967C} = {31152ACA-5040-4A6A-AC60-BE909B25AA03}
		{FFBD98EF-7884-4DB5-8F9F-A69FC18BB60B} = {31152ACA-5040-4A6A-AC60-BE909B25AA03}
		{9F59E56F-01B4-4730-9F3C-0902AAB1D51D} = {31152ACA-5040-4A6A-AC60-BE909B25AA03}
		{9DD0EEA7-F3A1-4594-AC86-E4729AA7CA1E} = {31152ACA-5040-4A6A-AC60-BE909B25AA03}
		{F2C8D9EE-BA69-4096-9268-B7128EAFF4B6} = {31152ACA-5040-4A6A-AC60-BE909B25AA03}
		{795509AF-EC8C-4657-AC95-CB7128D2333E} = {31152ACA-5040-4A6A-AC60-BE909B25AA03}
		{B4D752B7-E91B-4390-9092-E92A70EE1997} = {31152ACA-5040-4A6A-AC60-BE909B25AA03}
		{AF5F87AC-40DE-48EB-B2AA-E1F9D9A6E95A} = {CA7696DC-E99F-4731-8B2D-C037E4871240}
	EndGlobalSection
EndGlobal
