
Microsoft Visual Studio Solution File, Format Version 9.00
# Visual Studio 2005
Project("{8BC9CEB8-8B4A-11D0-8D11-00A0C91BC942}") = "System", "SRC\System\System.vcproj", "{9C7907B4-A771-4A53-A585-14CF33AC312A}"
	ProjectSection(WebsiteProperties) = preProject
		Debug.AspNetCompiler.Debug = "True"
		Release.AspNetCompiler.Debug = "False"
	EndProjectSection
EndProject
Project("{8BC9CEB8-8B4A-11D0-8D11-00A0C91BC942}") = "Geometry", "SRC\Geometry\build\msvc100\Geometry\Geometry.vcproj", "{108E75A3-0A92-489A-B1A9-8F071D40A108}"
	ProjectSection(WebsiteProperties) = preProject
		Debug.AspNetCompiler.Debug = "True"
		Release.AspNetCompiler.Debug = "False"
	EndProjectSection
EndProject
Project("{8BC9CEB8-8B4A-11D0-8D11-00A0C91BC942}") = "Geodatabase", "SRC\Geodatabase\Geodatabase.vcproj", "{2B97F3A8-215F-4FDA-9696-E9689C3ECB52}"
	ProjectSection(WebsiteProperties) = preProject
		Debug.AspNetCompiler.Debug = "True"
		Release.AspNetCompiler.Debug = "False"
	EndProjectSection
EndProject
Project("{8BC9CEB8-8B4A-11D0-8D11-00A0C91BC942}") = "DataSourceRaster", "SRC\DataSourceRaster\DataSourceRaster.vcproj", "{CF044810-4C3C-4B0D-ACE4-4030378618E5}"
	ProjectSection(WebsiteProperties) = preProject
		Debug.AspNetCompiler.Debug = "True"
		Release.AspNetCompiler.Debug = "False"
	EndProjectSection
EndProject
Project("{8BC9CEB8-8B4A-11D0-8D11-00A0C91BC942}") = "Display", "SRC\Display\Display.vcproj", "{4E887CC7-7E5B-4780-8F3A-725763B1314A}"
	ProjectSection(WebsiteProperties) = preProject
		Debug.AspNetCompiler.Debug = "True"
		Release.AspNetCompiler.Debug = "False"
	EndProjectSection
EndProject
Project("{8BC9CEB8-8B4A-11D0-8D11-00A0C91BC942}") = "Carto", "SRC\Carto\Carto.vcproj", "{13A9B48E-4AF7-461D-B458-E57288427A87}"
	ProjectSection(WebsiteProperties) = preProject
		Debug.AspNetCompiler.Debug = "True"
		Release.AspNetCompiler.Debug = "False"
	EndProjectSection
EndProject
Project("{8BC9CEB8-8B4A-11D0-8D11-00A0C91BC942}") = "Client", "SRC\Client\Client.vcproj", "{0099F326-D7A0-40D6-9DDB-36260C8A0F70}"
	ProjectSection(WebsiteProperties) = preProject
		Debug.AspNetCompiler.Debug = "True"
		Release.AspNetCompiler.Debug = "False"
	EndProjectSection
EndProject
Global
	GlobalSection(SolutionConfigurationPlatforms) = preSolution
		Debug|Win32 = Debug|Win32
		Release|Win32 = Release|Win32
	EndGlobalSection
	GlobalSection(ProjectConfigurationPlatforms) = postSolution
		{9C7907B4-A771-4A53-A585-14CF33AC312A}.Debug|Win32.ActiveCfg = Debug|Win32
		{9C7907B4-A771-4A53-A585-14CF33AC312A}.Debug|Win32.Build.0 = Debug|Win32
		{9C7907B4-A771-4A53-A585-14CF33AC312A}.Release|Win32.ActiveCfg = Release|Win32
		{9C7907B4-A771-4A53-A585-14CF33AC312A}.Release|Win32.Build.0 = Release|Win32
		{108E75A3-0A92-489A-B1A9-8F071D40A108}.Debug|Win32.ActiveCfg = Debug|Win32
		{108E75A3-0A92-489A-B1A9-8F071D40A108}.Debug|Win32.Build.0 = Debug|Win32
		{108E75A3-0A92-489A-B1A9-8F071D40A108}.Release|Win32.ActiveCfg = Release|Win32
		{108E75A3-0A92-489A-B1A9-8F071D40A108}.Release|Win32.Build.0 = Release|Win32
		{2B97F3A8-215F-4FDA-9696-E9689C3ECB52}.Debug|Win32.ActiveCfg = Debug|Win32
		{2B97F3A8-215F-4FDA-9696-E9689C3ECB52}.Debug|Win32.Build.0 = Debug|Win32
		{2B97F3A8-215F-4FDA-9696-E9689C3ECB52}.Release|Win32.ActiveCfg = Release|Win32
		{2B97F3A8-215F-4FDA-9696-E9689C3ECB52}.Release|Win32.Build.0 = Release|Win32
		{CF044810-4C3C-4B0D-ACE4-4030378618E5}.Debug|Win32.ActiveCfg = Debug|Win32
		{CF044810-4C3C-4B0D-ACE4-4030378618E5}.Debug|Win32.Build.0 = Debug|Win32
		{CF044810-4C3C-4B0D-ACE4-4030378618E5}.Release|Win32.ActiveCfg = Release|Win32
		{CF044810-4C3C-4B0D-ACE4-4030378618E5}.Release|Win32.Build.0 = Release|Win32
		{4E887CC7-7E5B-4780-8F3A-725763B1314A}.Debug|Win32.ActiveCfg = Debug|Win32
		{4E887CC7-7E5B-4780-8F3A-725763B1314A}.Debug|Win32.Build.0 = Debug|Win32
		{4E887CC7-7E5B-4780-8F3A-725763B1314A}.Release|Win32.ActiveCfg = Release|Win32
		{4E887CC7-7E5B-4780-8F3A-725763B1314A}.Release|Win32.Build.0 = Release|Win32
		{13A9B48E-4AF7-461D-B458-E57288427A87}.Debug|Win32.ActiveCfg = Debug|Win32
		{13A9B48E-4AF7-461D-B458-E57288427A87}.Debug|Win32.Build.0 = Debug|Win32
		{13A9B48E-4AF7-461D-B458-E57288427A87}.Release|Win32.ActiveCfg = Release|Win32
		{13A9B48E-4AF7-461D-B458-E57288427A87}.Release|Win32.Build.0 = Release|Win32
		{0099F326-D7A0-40D6-9DDB-36260C8A0F70}.Debug|Win32.ActiveCfg = Debug|Win32
		{0099F326-D7A0-40D6-9DDB-36260C8A0F70}.Debug|Win32.Build.0 = Debug|Win32
		{0099F326-D7A0-40D6-9DDB-36260C8A0F70}.Release|Win32.ActiveCfg = Release|Win32
		{0099F326-D7A0-40D6-9DDB-36260C8A0F70}.Release|Win32.Build.0 = Release|Win32
	EndGlobalSection
	GlobalSection(SolutionProperties) = preSolution
		HideSolutionNode = FALSE
	EndGlobalSection
EndGlobal
