
Microsoft Visual Studio Solution File, Format Version 9.00
# Visual Studio 2005
Project("{8BC9CEB8-8B4A-11D0-8D11-00A0C91BC942}") = "System", "SRC\System\System.vcproj", "{9C7907B4-A771-4A53-A585-14CF33AC312A}"
	ProjectSection(WebsiteProperties) = preProject
		Debug.AspNetCompiler.Debug = "True"
		Release.AspNetCompiler.Debug = "False"
	EndProjectSection
EndProject
Project("{8BC9CEB8-8B4A-11D0-8D11-00A0C91BC942}") = "Geometry", "SRC\Geometry\build\msvc100\Geometry\Geometry.vcproj", "{108E75A3-0A92-489A-B1A9-8F071D40A108}"
	ProjectSection(WebsiteProperties) = preProject
		Debug.AspNetCompiler.Debug = "True"
		Release.AspNetCompiler.Debug = "False"
	EndProjectSection
EndProject
Project("{8BC9CEB8-8B4A-11D0-8D11-00A0C91BC942}") = "Geodatabase", "SRC\Geodatabase\Geodatabase.vcproj", "{2B97F3A8-215F-4FDA-9696-E9689C3ECB52}"
	ProjectSection(WebsiteProperties) = preProject
		Debug.AspNetCompiler.Debug = "True"
		Release.AspNetCompiler.Debug = "False"
	EndProjectSection
EndProject
Project("{8BC9CEB8-8B4A-11D0-8D11-00A0C91BC942}") = "DataSourceRaster", "SRC\DataSourceRaster\DataSourceRaster.vcproj", "{CF044810-4C3C-4B0D-ACE4-4030378618E5}"
	ProjectSection(WebsiteProperties) = preProject
		Debug.AspNetCompiler.Debug = "True"
		Release.AspNetCompiler.Debug = "False"
	EndProjectSection
EndProject
Project("{8BC9CEB8-8B4A-11D0-8D11-00A0C91BC942}") = "Display", "SRC\Display\Display.vcproj", "{4E887CC7-7E5B-4780-8F3A-725763B1314A}"
	ProjectSection(WebsiteProperties) = preProject
		Debug.AspNetCompiler.Debug = "True"
		Release.AspNetCompiler.Debug = "False"
	EndProjectSection
EndProject
Project("{8BC9CEB8-8B4A-11D0-8D11-00A0C91BC942}") = "Carto", "SRC\Carto\Carto.vcproj", "{13A9B48E-4AF7-461D-B458-E57288427A87}"
	ProjectSection(WebsiteProperties) = preProject
		Debug.AspNetCompiler.Debug = "True"
		Release.AspNetCompiler.Debug = "False"
	EndProjectSection
EndProject
Project("{8BC9CEB8-8B4A-11D0-8D11-00A0C91BC942}") = "DataSourcesFile", "SRC\DataSourcesFile\DataSourcesFile.vcproj", "{8C9174EB-D8B8-4FF7-851B-1051735FC9C2}"
	ProjectSection(WebsiteProperties) = preProject
		Debug.AspNetCompiler.Debug = "True"
		Release.AspNetCompiler.Debug = "False"
	EndProjectSection
EndProject
Project("{8BC9CEB8-8B4A-11D0-8D11-00A0C91BC942}") = "Framework", "SRC\Framework\Framework.vcproj", "{06CD47BF-36FB-4B88-A857-7C6F2A27E697}"
	ProjectSection(WebsiteProperties) = preProject
		Debug.AspNetCompiler.Debug = "True"
		Release.AspNetCompiler.Debug = "False"
	EndProjectSection
EndProject
Project("{8BC9CEB8-8B4A-11D0-8D11-00A0C91BC942}") = "Control", "SRC\Control\Control.vcproj", "{0470E133-1947-405C-8BC3-D97B93049F49}"
	ProjectSection(WebsiteProperties) = preProject
		Debug.AspNetCompiler.Debug = "True"
		Release.AspNetCompiler.Debug = "False"
	EndProjectSection
EndProject
Project("{8BC9CEB8-8B4A-11D0-8D11-00A0C91BC942}") = "TDApp", "SRC\TDApp\TDApp.vcproj", "{92696377-6D07-44EE-9765-F00C72C8F7E5}"
	ProjectSection(WebsiteProperties) = preProject
		Debug.AspNetCompiler.Debug = "True"
		Release.AspNetCompiler.Debug = "False"
	EndProjectSection
EndProject
Project("{8BC9CEB8-8B4A-11D0-8D11-00A0C91BC942}") = "Editor", "SRC\Editor\Editor.vcproj", "{1D59BE5D-41DA-4C24-846C-13B8889F9710}"
	ProjectSection(WebsiteProperties) = preProject
		Debug.AspNetCompiler.Debug = "True"
		Release.AspNetCompiler.Debug = "False"
	EndProjectSection
EndProject
Project("{8BC9CEB8-8B4A-11D0-8D11-00A0C91BC942}") = "ImageProcess", "SRC\ImageProcess\ImageProcess.vcproj", "{FEB13D5A-F1B7-4A98-A0DA-99F598D23C3A}"
	ProjectSection(WebsiteProperties) = preProject
		Debug.AspNetCompiler.Debug = "True"
		Release.AspNetCompiler.Debug = "False"
	EndProjectSection
EndProject
Global
	GlobalSection(SolutionConfigurationPlatforms) = preSolution
		Debug|Win32 = Debug|Win32
		Release|Win32 = Release|Win32
	EndGlobalSection
	GlobalSection(ProjectConfigurationPlatforms) = postSolution
		{9C7907B4-A771-4A53-A585-14CF33AC312A}.Debug|Win32.ActiveCfg = Debug|Win32
		{9C7907B4-A771-4A53-A585-14CF33AC312A}.Debug|Win32.Build.0 = Debug|Win32
		{9C7907B4-A771-4A53-A585-14CF33AC312A}.Release|Win32.ActiveCfg = Release|Win32
		{9C7907B4-A771-4A53-A585-14CF33AC312A}.Release|Win32.Build.0 = Release|Win32
		{108E75A3-0A92-489A-B1A9-8F071D40A108}.Debug|Win32.ActiveCfg = Debug|Win32
		{108E75A3-0A92-489A-B1A9-8F071D40A108}.Debug|Win32.Build.0 = Debug|Win32
		{108E75A3-0A92-489A-B1A9-8F071D40A108}.Release|Win32.ActiveCfg = Release|Win32
		{108E75A3-0A92-489A-B1A9-8F071D40A108}.Release|Win32.Build.0 = Release|Win32
		{2B97F3A8-215F-4FDA-9696-E9689C3ECB52}.Debug|Win32.ActiveCfg = Debug|Win32
		{2B97F3A8-215F-4FDA-9696-E9689C3ECB52}.Debug|Win32.Build.0 = Debug|Win32
		{2B97F3A8-215F-4FDA-9696-E9689C3ECB52}.Release|Win32.ActiveCfg = Release|Win32
		{2B97F3A8-215F-4FDA-9696-E9689C3ECB52}.Release|Win32.Build.0 = Release|Win32
		{CF044810-4C3C-4B0D-ACE4-4030378618E5}.Debug|Win32.ActiveCfg = Debug|Win32
		{CF044810-4C3C-4B0D-ACE4-4030378618E5}.Debug|Win32.Build.0 = Debug|Win32
		{CF044810-4C3C-4B0D-ACE4-4030378618E5}.Release|Win32.ActiveCfg = Release|Win32
		{CF044810-4C3C-4B0D-ACE4-4030378618E5}.Release|Win32.Build.0 = Release|Win32
		{4E887CC7-7E5B-4780-8F3A-725763B1314A}.Debug|Win32.ActiveCfg = Debug|Win32
		{4E887CC7-7E5B-4780-8F3A-725763B1314A}.Debug|Win32.Build.0 = Debug|Win32
		{4E887CC7-7E5B-4780-8F3A-725763B1314A}.Release|Win32.ActiveCfg = Release|Win32
		{4E887CC7-7E5B-4780-8F3A-725763B1314A}.Release|Win32.Build.0 = Release|Win32
		{13A9B48E-4AF7-461D-B458-E57288427A87}.Debug|Win32.ActiveCfg = Debug|Win32
		{13A9B48E-4AF7-461D-B458-E57288427A87}.Debug|Win32.Build.0 = Debug|Win32
		{13A9B48E-4AF7-461D-B458-E57288427A87}.Release|Win32.ActiveCfg = Release|Win32
		{13A9B48E-4AF7-461D-B458-E57288427A87}.Release|Win32.Build.0 = Release|Win32
		{8C9174EB-D8B8-4FF7-851B-1051735FC9C2}.Debug|Win32.ActiveCfg = Debug|Win32
		{8C9174EB-D8B8-4FF7-851B-1051735FC9C2}.Debug|Win32.Build.0 = Debug|Win32
		{8C9174EB-D8B8-4FF7-851B-1051735FC9C2}.Release|Win32.ActiveCfg = Release|Win32
		{8C9174EB-D8B8-4FF7-851B-1051735FC9C2}.Release|Win32.Build.0 = Release|Win32
		{06CD47BF-36FB-4B88-A857-7C6F2A27E697}.Debug|Win32.ActiveCfg = Debug|Win32
		{06CD47BF-36FB-4B88-A857-7C6F2A27E697}.Debug|Win32.Build.0 = Debug|Win32
		{06CD47BF-36FB-4B88-A857-7C6F2A27E697}.Release|Win32.ActiveCfg = Release|Win32
		{06CD47BF-36FB-4B88-A857-7C6F2A27E697}.Release|Win32.Build.0 = Release|Win32
		{0470E133-1947-405C-8BC3-D97B93049F49}.Debug|Win32.ActiveCfg = Debug|Win32
		{0470E133-1947-405C-8BC3-D97B93049F49}.Debug|Win32.Build.0 = Debug|Win32
		{0470E133-1947-405C-8BC3-D97B93049F49}.Release|Win32.ActiveCfg = Release|Win32
		{0470E133-1947-405C-8BC3-D97B93049F49}.Release|Win32.Build.0 = Release|Win32
		{92696377-6D07-44EE-9765-F00C72C8F7E5}.Debug|Win32.ActiveCfg = Debug|Win32
		{92696377-6D07-44EE-9765-F00C72C8F7E5}.Debug|Win32.Build.0 = Debug|Win32
		{92696377-6D07-44EE-9765-F00C72C8F7E5}.Release|Win32.ActiveCfg = Release|Win32
		{92696377-6D07-44EE-9765-F00C72C8F7E5}.Release|Win32.Build.0 = Release|Win32
		{1D59BE5D-41DA-4C24-846C-13B8889F9710}.Debug|Win32.ActiveCfg = Debug|Win32
		{1D59BE5D-41DA-4C24-846C-13B8889F9710}.Debug|Win32.Build.0 = Debug|Win32
		{1D59BE5D-41DA-4C24-846C-13B8889F9710}.Release|Win32.ActiveCfg = Release|Win32
		{1D59BE5D-41DA-4C24-846C-13B8889F9710}.Release|Win32.Build.0 = Release|Win32
		{FEB13D5A-F1B7-4A98-A0DA-99F598D23C3A}.Debug|Win32.ActiveCfg = Debug|Win32
		{FEB13D5A-F1B7-4A98-A0DA-99F598D23C3A}.Debug|Win32.Build.0 = Debug|Win32
		{FEB13D5A-F1B7-4A98-A0DA-99F598D23C3A}.Release|Win32.ActiveCfg = Release|Win32
		{FEB13D5A-F1B7-4A98-A0DA-99F598D23C3A}.Release|Win32.Build.0 = Release|Win32
	EndGlobalSection
	GlobalSection(SolutionProperties) = preSolution
		HideSolutionNode = FALSE
	EndGlobalSection
EndGlobal
